
Microsoft Visual Studio Solution File, Format Version 12.00
# Visual Studio 15
VisualStudioVersion = 15.0.27130.2036
MinimumVisualStudioVersion = 10.0.40219.1
Project("{FAE04EC0-301F-11D3-BF4B-00C04F79EFBC}") = "ClientApplicationMVC", "ClientApplicationMVC\ClientApplicationMVC.csproj", "{F1C26E45-90A6-40E1-9B00-2AADC8A63423}"
EndProject
Project("{FAE04EC0-301F-11D3-BF4B-00C04F79EFBC}") = "Messages", "Messages\Messages.csproj", "{B9F7B7C5-CB64-4D56-A95D-3C0F7BA15D0B}"
EndProject
Project("{FAE04EC0-301F-11D3-BF4B-00C04F79EFBC}") = "EchoService", "EchoService\EchoService.csproj", "{711E0116-D619-42CE-8738-3361BDA96619}"
EndProject
Project("{FAE04EC0-301F-11D3-BF4B-00C04F79EFBC}") = "AuthenticationService", "AuthenticationService\AuthenticationService.csproj", "{666E1AC3-3B43-4139-9D66-168D21AF4B31}"
EndProject
Project("{FAE04EC0-301F-11D3-BF4B-00C04F79EFBC}") = "CompanyDirectoryService", "CompanyDirectoryService\CompanyDirectoryService.csproj", "{32EF729D-C84D-4BD4-B8FF-81D5A53F393E}"
EndProject
Project("{FAE04EC0-301F-11D3-BF4B-00C04F79EFBC}") = "CompanyReviewService", "CompanyReviewService\CompanyReviewService.csproj", "{1DAEC21C-4C2F-4785-AD5E-666DD2F71E1A}"
EndProject
Project("{FAE04EC0-301F-11D3-BF4B-00C04F79EFBC}") = "ChatService", "ChatService\ChatService.csproj", "{0712CD98-7E3E-49D4-94E2-04BA07E95D1B}"
EndProject
Global
	GlobalSection(SolutionConfigurationPlatforms) = preSolution
		Debug|Any CPU = Debug|Any CPU
		Release|Any CPU = Release|Any CPU
	EndGlobalSection
	GlobalSection(ProjectConfigurationPlatforms) = postSolution
		{F1C26E45-90A6-40E1-9B00-2AADC8A63423}.Debug|Any CPU.ActiveCfg = Debug|Any CPU
		{F1C26E45-90A6-40E1-9B00-2AADC8A63423}.Debug|Any CPU.Build.0 = Debug|Any CPU
		{F1C26E45-90A6-40E1-9B00-2AADC8A63423}.Release|Any CPU.ActiveCfg = Release|Any CPU
		{F1C26E45-90A6-40E1-9B00-2AADC8A63423}.Release|Any CPU.Build.0 = Release|Any CPU
		{B9F7B7C5-CB64-4D56-A95D-3C0F7BA15D0B}.Debug|Any CPU.ActiveCfg = Debug|Any CPU
		{B9F7B7C5-CB64-4D56-A95D-3C0F7BA15D0B}.Debug|Any CPU.Build.0 = Debug|Any CPU
		{B9F7B7C5-CB64-4D56-A95D-3C0F7BA15D0B}.Release|Any CPU.ActiveCfg = Release|Any CPU
		{B9F7B7C5-CB64-4D56-A95D-3C0F7BA15D0B}.Release|Any CPU.Build.0 = Release|Any CPU
		{711E0116-D619-42CE-8738-3361BDA96619}.Debug|Any CPU.ActiveCfg = Debug|Any CPU
		{711E0116-D619-42CE-8738-3361BDA96619}.Debug|Any CPU.Build.0 = Debug|Any CPU
		{711E0116-D619-42CE-8738-3361BDA96619}.Release|Any CPU.ActiveCfg = Release|Any CPU
		{711E0116-D619-42CE-8738-3361BDA96619}.Release|Any CPU.Build.0 = Release|Any CPU
		{666E1AC3-3B43-4139-9D66-168D21AF4B31}.Debug|Any CPU.ActiveCfg = Debug|Any CPU
		{666E1AC3-3B43-4139-9D66-168D21AF4B31}.Debug|Any CPU.Build.0 = Debug|Any CPU
		{666E1AC3-3B43-4139-9D66-168D21AF4B31}.Release|Any CPU.ActiveCfg = Release|Any CPU
		{666E1AC3-3B43-4139-9D66-168D21AF4B31}.Release|Any CPU.Build.0 = Release|Any CPU
		{32EF729D-C84D-4BD4-B8FF-81D5A53F393E}.Debug|Any CPU.ActiveCfg = Debug|Any CPU
		{32EF729D-C84D-4BD4-B8FF-81D5A53F393E}.Debug|Any CPU.Build.0 = Debug|Any CPU
		{32EF729D-C84D-4BD4-B8FF-81D5A53F393E}.Release|Any CPU.ActiveCfg = Release|Any CPU
		{32EF729D-C84D-4BD4-B8FF-81D5A53F393E}.Release|Any CPU.Build.0 = Release|Any CPU
		{1DAEC21C-4C2F-4785-AD5E-666DD2F71E1A}.Debug|Any CPU.ActiveCfg = Debug|Any CPU
		{1DAEC21C-4C2F-4785-AD5E-666DD2F71E1A}.Debug|Any CPU.Build.0 = Debug|Any CPU
		{1DAEC21C-4C2F-4785-AD5E-666DD2F71E1A}.Release|Any CPU.ActiveCfg = Release|Any CPU
		{1DAEC21C-4C2F-4785-AD5E-666DD2F71E1A}.Release|Any CPU.Build.0 = Release|Any CPU
		{0712CD98-7E3E-49D4-94E2-04BA07E95D1B}.Debug|Any CPU.ActiveCfg = Debug|Any CPU
		{0712CD98-7E3E-49D4-94E2-04BA07E95D1B}.Debug|Any CPU.Build.0 = Debug|Any CPU
		{0712CD98-7E3E-49D4-94E2-04BA07E95D1B}.Release|Any CPU.ActiveCfg = Release|Any CPU
		{0712CD98-7E3E-49D4-94E2-04BA07E95D1B}.Release|Any CPU.Build.0 = Release|Any CPU
	EndGlobalSection
	GlobalSection(SolutionProperties) = preSolution
		HideSolutionNode = FALSE
	EndGlobalSection
	GlobalSection(ExtensibilityGlobals) = postSolution
		SolutionGuid = {82B57A80-865D-4FFA-AA10-E2ED7D9DFB38}
	EndGlobalSection
EndGlobal
